// !$*UTF8*$!
{
	archiveVersion = 1;
	classes = {
	};
	objectVersion = 46;
	objects = {

/* Begin PBXBuildFile section */
		15B5F4301C89DC9200683261 /* AppDelegate.swift in Sources */ = {isa = PBXBuildFile; fileRef = 15B5F42F1C89DC9200683261 /* AppDelegate.swift */; };
		15B5F4321C89DC9200683261 /* ViewController.swift in Sources */ = {isa = PBXBuildFile; fileRef = 15B5F4311C89DC9200683261 /* ViewController.swift */; };
		15B5F4351C89DC9200683261 /* Main.storyboard in Resources */ = {isa = PBXBuildFile; fileRef = 15B5F4331C89DC9200683261 /* Main.storyboard */; };
		15B5F4371C89DC9200683261 /* Assets.xcassets in Resources */ = {isa = PBXBuildFile; fileRef = 15B5F4361C89DC9200683261 /* Assets.xcassets */; };
		15B5F43A1C89DC9200683261 /* LaunchScreen.storyboard in Resources */ = {isa = PBXBuildFile; fileRef = 15B5F4381C89DC9200683261 /* LaunchScreen.storyboard */; };
		15B5F4431C89DCDA00683261 /* FJImageView.swift in Sources */ = {isa = PBXBuildFile; fileRef = 15B5F4411C89DCDA00683261 /* FJImageView.swift */; };
		15B5F4441C89DCDA00683261 /* FJImageView.xib in Resources */ = {isa = PBXBuildFile; fileRef = 15B5F4421C89DCDA00683261 /* FJImageView.xib */; };
		15B5F4461C89E52700683261 /* FJInfiniteCollectionViewController.swift in Sources */ = {isa = PBXBuildFile; fileRef = 15B5F4451C89E52700683261 /* FJInfiniteCollectionViewController.swift */; };
/* End PBXBuildFile section */

/* Begin PBXFileReference section */
		15B5F42C1C89DC9200683261 /* FJInfiniteScroll_CS.app */ = {isa = PBXFileReference; explicitFileType = wrapper.application; includeInIndex = 0; path = FJInfiniteScroll_CS.app; sourceTree = BUILT_PRODUCTS_DIR; };
		15B5F42F1C89DC9200683261 /* AppDelegate.swift */ = {isa = PBXFileReference; lastKnownFileType = sourcecode.swift; path = AppDelegate.swift; sourceTree = "<group>"; };
		15B5F4311C89DC9200683261 /* ViewController.swift */ = {isa = PBXFileReference; lastKnownFileType = sourcecode.swift; path = ViewController.swift; sourceTree = "<group>"; };
		15B5F4341C89DC9200683261 /* Base */ = {isa = PBXFileReference; lastKnownFileType = file.storyboard; name = Base; path = Base.lproj/Main.storyboard; sourceTree = "<group>"; };
		15B5F4361C89DC9200683261 /* Assets.xcassets */ = {isa = PBXFileReference; lastKnownFileType = folder.assetcatalog; path = Assets.xcassets; sourceTree = "<group>"; };
		15B5F4391C89DC9200683261 /* Base */ = {isa = PBXFileReference; lastKnownFileType = file.storyboard; name = Base; path = Base.lproj/LaunchScreen.storyboard; sourceTree = "<group>"; };
		15B5F43B1C89DC9200683261 /* Info.plist */ = {isa = PBXFileReference; lastKnownFileType = text.plist.xml; path = Info.plist; sourceTree = "<group>"; };
		15B5F4411C89DCDA00683261 /* FJImageView.swift */ = {isa = PBXFileReference; fileEncoding = 4; lastKnownFileType = sourcecode.swift; path = FJImageView.swift; sourceTree = "<group>"; };
		15B5F4421C89DCDA00683261 /* FJImageView.xib */ = {isa = PBXFileReference; fileEncoding = 4; lastKnownFileType = file.xib; path = FJImageView.xib; sourceTree = "<group>"; };
		15B5F4451C89E52700683261 /* FJInfiniteCollectionViewController.swift */ = {isa = PBXFileReference; fileEncoding = 4; lastKnownFileType = sourcecode.swift; path = FJInfiniteCollectionViewController.swift; sourceTree = "<group>"; };
/* End PBXFileReference section */

/* Begin PBXFrameworksBuildPhase section */
		15B5F4291C89DC9200683261 /* Frameworks */ = {
			isa = PBXFrameworksBuildPhase;
			buildActionMask = 2147483647;
			files = (
			);
			runOnlyForDeploymentPostprocessing = 0;
		};
/* End PBXFrameworksBuildPhase section */

/* Begin PBXGroup section */
		15B5F4231C89DC9200683261 = {
			isa = PBXGroup;
			children = (
				15B5F42E1C89DC9200683261 /* FJInfiniteScroll_CS */,
				15B5F42D1C89DC9200683261 /* Products */,
			);
			sourceTree = "<group>";
		};
		15B5F42D1C89DC9200683261 /* Products */ = {
			isa = PBXGroup;
			children = (
				15B5F42C1C89DC9200683261 /* FJInfiniteScroll_CS.app */,
			);
			name = Products;
			sourceTree = "<group>";
		};
		15B5F42E1C89DC9200683261 /* FJInfiniteScroll_CS */ = {
			isa = PBXGroup;
			children = (
				15B5F42F1C89DC9200683261 /* AppDelegate.swift */,
				15B5F4311C89DC9200683261 /* ViewController.swift */,
				15B5F4451C89E52700683261 /* FJInfiniteCollectionViewController.swift */,
				15B5F4331C89DC9200683261 /* Main.storyboard */,
				15B5F4361C89DC9200683261 /* Assets.xcassets */,
				15B5F4381C89DC9200683261 /* LaunchScreen.storyboard */,
				15B5F43B1C89DC9200683261 /* Info.plist */,
				15B5F4411C89DCDA00683261 /* FJImageView.swift */,
				15B5F4421C89DCDA00683261 /* FJImageView.xib */,
			);
			path = FJInfiniteScroll_CS;
			sourceTree = "<group>";
		};
/* End PBXGroup section */

/* Begin PBXNativeTarget section */
		15B5F42B1C89DC9200683261 /* FJInfiniteScroll_CS */ = {
			isa = PBXNativeTarget;
			buildConfigurationList = 15B5F43E1C89DC9200683261 /* Build configuration list for PBXNativeTarget "FJInfiniteScroll_CS" */;
			buildPhases = (
				15B5F4281C89DC9200683261 /* Sources */,
				15B5F4291C89DC9200683261 /* Frameworks */,
				15B5F42A1C89DC9200683261 /* Resources */,
			);
			buildRules = (
			);
			dependencies = (
			);
			name = FJInfiniteScroll_CS;
			productName = FJInfiniteScroll_CS;
			productReference = 15B5F42C1C89DC9200683261 /* FJInfiniteScroll_CS.app */;
			productType = "com.apple.product-type.application";
		};
/* End PBXNativeTarget section */

/* Begin PBXProject section */
		15B5F4241C89DC9200683261 /* Project object */ = {
			isa = PBXProject;
			attributes = {
				LastSwiftUpdateCheck = 0720;
				LastUpgradeCheck = 0720;
				ORGANIZATIONNAME = FRAJ;
				TargetAttributes = {
					15B5F42B1C89DC9200683261 = {
						CreatedOnToolsVersion = 7.2.1;
						DevelopmentTeam = 9584UY6L75;
					};
				};
			};
			buildConfigurationList = 15B5F4271C89DC9200683261 /* Build configuration list for PBXProject "FJInfiniteScroll_CS" */;
			compatibilityVersion = "Xcode 3.2";
			developmentRegion = English;
			hasScannedForEncodings = 0;
			knownRegions = (
				en,
				Base,
			);
			mainGroup = 15B5F4231C89DC9200683261;
			productRefGroup = 15B5F42D1C89DC9200683261 /* Products */;
			projectDirPath = "";
			projectRoot = "";
			targets = (
				15B5F42B1C89DC9200683261 /* FJInfiniteScroll_CS */,
			);
		};
/* End PBXProject section */

/* Begin PBXResourcesBuildPhase section */
		15B5F42A1C89DC9200683261 /* Resources */ = {
			isa = PBXResourcesBuildPhase;
			buildActionMask = 2147483647;
			files = (
				15B5F43A1C89DC9200683261 /* LaunchScreen.storyboard in Resources */,
				15B5F4371C89DC9200683261 /* Assets.xcassets in Resources */,
				15B5F4441C89DCDA00683261 /* FJImageView.xib in Resources */,
				15B5F4351C89DC9200683261 /* Main.storyboard in Resources */,
			);
			runOnlyForDeploymentPostprocessing = 0;
		};
/* End PBXResourcesBuildPhase section */

/* Begin PBXSourcesBuildPhase section */
		15B5F4281C89DC9200683261 /* Sources */ = {
			isa = PBXSourcesBuildPhase;
			buildActionMask = 2147483647;
			files = (
				15B5F4461C89E52700683261 /* FJInfiniteCollectionViewController.swift in Sources */,
				15B5F4321C89DC9200683261 /* ViewController.swift in Sources */,
				15B5F4301C89DC9200683261 /* AppDelegate.swift in Sources */,
				15B5F4431C89DCDA00683261 /* FJImageView.swift in Sources */,
			);
			runOnlyForDeploymentPostprocessing = 0;
		};
/* End PBXSourcesBuildPhase section */

/* Begin PBXVariantGroup section */
		15B5F4331C89DC9200683261 /* Main.storyboard */ = {
			isa = PBXVariantGroup;
			children = (
				15B5F4341C89DC9200683261 /* Base */,
			);
			name = Main.storyboard;
			sourceTree = "<group>";
		};
		15B5F4381C89DC9200683261 /* LaunchScreen.storyboard */ = {
			isa = PBXVariantGroup;
			children = (
				15B5F4391C89DC9200683261 /* Base */,
			);
			name = LaunchScreen.storyboard;
			sourceTree = "<group>";
		};
/* End PBXVariantGroup section */

/* Begin XCBuildConfiguration section */
		15B5F43C1C89DC9200683261 /* Debug */ = {
			isa = XCBuildConfiguration;
			buildSettings = {
				ALWAYS_SEARCH_USER_PATHS = NO;
				CLANG_CXX_LANGUAGE_STANDARD = "gnu++0x";
				CLANG_CXX_LIBRARY = "libc++";
				CLANG_ENABLE_MODULES = YES;
				CLANG_ENABLE_OBJC_ARC = YES;
				CLANG_WARN_BOOL_CONVERSION = YES;
				CLANG_WARN_CONSTANT_CONVERSION = YES;
				CLANG_WARN_DIRECT_OBJC_ISA_USAGE = YES_ERROR;
				CLANG_WARN_EMPTY_BODY = YES;
				CLANG_WARN_ENUM_CONVERSION = YES;
				CLANG_WARN_INT_CONVERSION = YES;
				CLANG_WARN_OBJC_ROOT_CLASS = YES_ERROR;
				CLANG_WARN_UNREACHABLE_CODE = YES;
				CLANG_WARN__DUPLICATE_METHOD_MATCH = YES;
				"CODE_SIGN_IDENTITY[sdk=iphoneos*]" = "iPhone Developer";
				COPY_PHASE_STRIP = NO;
				DEBUG_INFORMATION_FORMAT = dwarf;
				ENABLE_STRICT_OBJC_MSGSEND = YES;
				ENABLE_TESTABILITY = YES;
				GCC_C_LANGUAGE_STANDARD = gnu99;
				GCC_DYNAMIC_NO_PIC = NO;
				GCC_NO_COMMON_BLOCKS = YES;
				GCC_OPTIMIZATION_LEVEL = 0;
				GCC_PREPROCESSOR_DEFINITIONS = (
					"DEBUG=1",
					"$(inherited)",
				);
				GCC_WARN_64_TO_32_BIT_CONVERSION = YES;
				GCC_WARN_ABOUT_RETURN_TYPE = YES_ERROR;
				GCC_WARN_UNDECLARED_SELECTOR = YES;
				GCC_WARN_UNINITIALIZED_AUTOS = YES_AGGRESSIVE;
				GCC_WARN_UNUSED_FUNCTION = YES;
				GCC_WARN_UNUSED_VARIABLE = YES;
				IPHONEOS_DEPLOYMENT_TARGET = 9.2;
				MTL_ENABLE_DEBUG_INFO = YES;
				ONLY_ACTIVE_ARCH = YES;
				SDKROOT = iphoneos;
				SWIFT_OPTIMIZATION_LEVEL = "-Onone";
			};
			name = Debug;
		};
		15B5F43D1C89DC9200683261 /* Release */ = {
			isa = XCBuildConfiguration;
			buildSettings = {
				ALWAYS_SEARCH_USER_PATHS = NO;
				CLANG_CXX_LANGUAGE_STANDARD = "gnu++0x";
				CLANG_CXX_LIBRARY = "libc++";
				CLANG_ENABLE_MODULES = YES;
				CLANG_ENABLE_OBJC_ARC = YES;
				CLANG_WARN_BOOL_CONVERSION = YES;
				CLANG_WARN_CONSTANT_CONVERSION = YES;
				CLANG_WARN_DIRECT_OBJC_ISA_USAGE = YES_ERROR;
				CLANG_WARN_EMPTY_BODY = YES;
				CLANG_WARN_ENUM_CONVERSION = YES;
				CLANG_WARN_INT_CONVERSION = YES;
				CLANG_WARN_OBJC_ROOT_CLASS = YES_ERROR;
				CLANG_WARN_UNREACHABLE_CODE = YES;
				CLANG_WARN__DUPLICATE_METHOD_MATCH = YES;
				"CODE_SIGN_IDENTITY[sdk=iphoneos*]" = "iPhone Developer";
				COPY_PHASE_STRIP = NO;
				DEBUG_INFORMATION_FORMAT = "dwarf-with-dsym";
				ENABLE_NS_ASSERTIONS = NO;
				ENABLE_STRICT_OBJC_MSGSEND = YES;
				GCC_C_LANGUAGE_STANDARD = gnu99;
				GCC_NO_COMMON_BLOCKS = YES;
				GCC_WARN_64_TO_32_BIT_CONVERSION = YES;
				GCC_WARN_ABOUT_RETURN_TYPE = YES_ERROR;
				GCC_WARN_UNDECLARED_SELECTOR = YES;
				GCC_WARN_UNINITIALIZED_AUTOS = YES_AGGRESSIVE;
				GCC_WARN_UNUSED_FUNCTION = YES;
				GCC_WARN_UNUSED_VARIABLE = YES;
				IPHONEOS_DEPLOYMENT_TARGET = 9.2;
				MTL_ENABLE_DEBUG_INFO = NO;
				SDKROOT = iphoneos;
				VALIDATE_PRODUCT = YES;
			};
			name = Release;
		};
		15B5F43F1C89DC9200683261 /* Debug */ = {
			isa = XCBuildConfiguration;
			buildSettings = {
				ASSETCATALOG_COMPILER_APPICON_NAME = AppIcon;
				INFOPLIST_FILE = FJInfiniteScroll_CS/Info.plist;
				LD_RUNPATH_SEARCH_PATHS = "$(inherited) @executable_path/Frameworks";
				PRODUCT_BUNDLE_IDENTIFIER = "fraj7.com.FJInfiniteScroll-CS";
				PRODUCT_NAME = "$(TARGET_NAME)";
			};
			name = Debug;
		};
		15B5F4401C89DC9200683261 /* Release */ = {
			isa = XCBuildConfiguration;
			buildSettings = {
				ASSETCATALOG_COMPILER_APPICON_NAME = AppIcon;
				INFOPLIST_FILE = FJInfiniteScroll_CS/Info.plist;
				LD_RUNPATH_SEARCH_PATHS = "$(inherited) @executable_path/Frameworks";
				PRODUCT_BUNDLE_IDENTIFIER = "fraj7.com.FJInfiniteScroll-CS";
				PRODUCT_NAME = "$(TARGET_NAME)";
			};
			name = Release;
		};
/* End XCBuildConfiguration section */

/* Begin XCConfigurationList section */
		15B5F4271C89DC9200683261 /* Build configuration list for PBXProject "FJInfiniteScroll_CS" */ = {
			isa = XCConfigurationList;
			buildConfigurations = (
				15B5F43C1C89DC9200683261 /* Debug */,
				15B5F43D1C89DC9200683261 /* Release */,
			);
			defaultConfigurationIsVisible = 0;
			defaultConfigurationName = Release;
		};
		15B5F43E1C89DC9200683261 /* Build configuration list for PBXNativeTarget "FJInfiniteScroll_CS" */ = {
			isa = XCConfigurationList;
			buildConfigurations = (
				15B5F43F1C89DC9200683261 /* Debug */,
				15B5F4401C89DC9200683261 /* Release */,
			);
			defaultConfigurationIsVisible = 0;
		};
/* End XCConfigurationList section */
	};
	rootObject = 15B5F4241C89DC9200683261 /* Project object */;
}
